using System;

namespace ConsoleApplication1
{
    class Program
    {
        static void Main(string[] args)
        {
            Console.Write("Nhap so thu nhat: ");
            double a = double.Parse(Console.ReadLine());

            Console.Write("Nhập so thu hai: ");
            double b = double.Parse(Console.ReadLine());

            double tong = a + b;
            double hieu = a - b;
            double tich = a * b;
            double thuong = (b != 0) ? a / b : 0; // Tránh chia cho 0

            Console.WriteLine("Tong: " + tong);
            Console.WriteLine("Hieu: " + hieu);
            Console.WriteLine("Tich: " + tich);

            if (b != 0)
                Console.WriteLine("Thuong: " + thuong);
            else
                Console.WriteLine("Khong the chia cho 0.");
            // Cuối hàm Main
            Console.ReadLine();

        }

    }
}
﻿


